// !$*UTF8*$!
{
	archiveVersion = 1;
	classes = {
	};
	objectVersion = 51;
	objects = {

/* Begin PBXBuildFile section */
		7C1B700023D241E5006BEEC6 /* AppDelegate.swift in Sources */ = {isa = PBXBuildFile; fileRef = 7C1B6FFF23D241E5006BEEC6 /* AppDelegate.swift */; };
		7C1B700223D241E5006BEEC6 /* SceneDelegate.swift in Sources */ = {isa = PBXBuildFile; fileRef = 7C1B700123D241E5006BEEC6 /* SceneDelegate.swift */; };
		7C1B700423D241E5006BEEC6 /* TodoListViewController.swift in Sources */ = {isa = PBXBuildFile; fileRef = 7C1B700323D241E5006BEEC6 /* TodoListViewController.swift */; };
		7C1B700723D241E5006BEEC6 /* Main.storyboard in Resources */ = {isa = PBXBuildFile; fileRef = 7C1B700523D241E5006BEEC6 /* Main.storyboard */; };
		7C1B700923D241E7006BEEC6 /* Assets.xcassets in Resources */ = {isa = PBXBuildFile; fileRef = 7C1B700823D241E7006BEEC6 /* Assets.xcassets */; };
		7C1B700C23D241E7006BEEC6 /* LaunchScreen.storyboard in Resources */ = {isa = PBXBuildFile; fileRef = 7C1B700A23D241E7006BEEC6 /* LaunchScreen.storyboard */; };
		7C1B701423D2428B006BEEC6 /* ToDoController.swift in Sources */ = {isa = PBXBuildFile; fileRef = 7C1B701323D2428B006BEEC6 /* ToDoController.swift */; };
		7C1B701623D242BD006BEEC6 /* ToDo.swift in Sources */ = {isa = PBXBuildFile; fileRef = 7C1B701523D242BD006BEEC6 /* ToDo.swift */; };
		7C1B701823D24652006BEEC6 /* TodoEditViewController.swift in Sources */ = {isa = PBXBuildFile; fileRef = 7C1B701723D24652006BEEC6 /* TodoEditViewController.swift */; };
		7C1B701E23D24C9A006BEEC6 /* ToDoRealm.swift in Sources */ = {isa = PBXBuildFile; fileRef = 7C1B701D23D24C9A006BEEC6 /* ToDoRealm.swift */; };
		D8A9FD23319D392F63B0613C /* Pods_Skillbox_m4__Architecture_MVC_ToDo_.framework in Frameworks */ = {isa = PBXBuildFile; fileRef = BB78F2B4AB21B37E34C35D3D /* Pods_Skillbox_m4__Architecture_MVC_ToDo_.framework */; };
/* End PBXBuildFile section */

/* Begin PBXFileReference section */
		172ABEAD6FA2A0468E02EDBA /* Pods-Skillbox_m4 (Architecture MVC ToDo).release.xcconfig */ = {isa = PBXFileReference; includeInIndex = 1; lastKnownFileType = text.xcconfig; name = "Pods-Skillbox_m4 (Architecture MVC ToDo).release.xcconfig"; path = "Target Support Files/Pods-Skillbox_m4 (Architecture MVC ToDo)/Pods-Skillbox_m4 (Architecture MVC ToDo).release.xcconfig"; sourceTree = "<group>"; };
		7C1B6FFC23D241E5006BEEC6 /* Skillbox_m4 (Architecture MVC ToDo).app */ = {isa = PBXFileReference; explicitFileType = wrapper.application; includeInIndex = 0; path = "Skillbox_m4 (Architecture MVC ToDo).app"; sourceTree = BUILT_PRODUCTS_DIR; };
		7C1B6FFF23D241E5006BEEC6 /* AppDelegate.swift */ = {isa = PBXFileReference; lastKnownFileType = sourcecode.swift; path = AppDelegate.swift; sourceTree = "<group>"; };
		7C1B700123D241E5006BEEC6 /* SceneDelegate.swift */ = {isa = PBXFileReference; lastKnownFileType = sourcecode.swift; path = SceneDelegate.swift; sourceTree = "<group>"; };
		7C1B700323D241E5006BEEC6 /* TodoListViewController.swift */ = {isa = PBXFileReference; lastKnownFileType = sourcecode.swift; path = TodoListViewController.swift; sourceTree = "<group>"; };
		7C1B700623D241E5006BEEC6 /* Base */ = {isa = PBXFileReference; lastKnownFileType = file.storyboard; name = Base; path = Base.lproj/Main.storyboard; sourceTree = "<group>"; };
		7C1B700823D241E7006BEEC6 /* Assets.xcassets */ = {isa = PBXFileReference; lastKnownFileType = folder.assetcatalog; path = Assets.xcassets; sourceTree = "<group>"; };
		7C1B700B23D241E7006BEEC6 /* Base */ = {isa = PBXFileReference; lastKnownFileType = file.storyboard; name = Base; path = Base.lproj/LaunchScreen.storyboard; sourceTree = "<group>"; };
		7C1B700D23D241E7006BEEC6 /* Info.plist */ = {isa = PBXFileReference; lastKnownFileType = text.plist.xml; path = Info.plist; sourceTree = "<group>"; };
		7C1B701323D2428B006BEEC6 /* ToDoController.swift */ = {isa = PBXFileReference; lastKnownFileType = sourcecode.swift; path = ToDoController.swift; sourceTree = "<group>"; };
		7C1B701523D242BD006BEEC6 /* ToDo.swift */ = {isa = PBXFileReference; lastKnownFileType = sourcecode.swift; path = ToDo.swift; sourceTree = "<group>"; };
		7C1B701723D24652006BEEC6 /* TodoEditViewController.swift */ = {isa = PBXFileReference; lastKnownFileType = sourcecode.swift; path = TodoEditViewController.swift; sourceTree = "<group>"; };
		7C1B701D23D24C9A006BEEC6 /* ToDoRealm.swift */ = {isa = PBXFileReference; lastKnownFileType = sourcecode.swift; path = ToDoRealm.swift; sourceTree = "<group>"; };
		A73826BEDEF06DDC959F62CA /* Pods-Skillbox_m4 (Architecture MVC ToDo).debug.xcconfig */ = {isa = PBXFileReference; includeInIndex = 1; lastKnownFileType = text.xcconfig; name = "Pods-Skillbox_m4 (Architecture MVC ToDo).debug.xcconfig"; path = "Target Support Files/Pods-Skillbox_m4 (Architecture MVC ToDo)/Pods-Skillbox_m4 (Architecture MVC ToDo).debug.xcconfig"; sourceTree = "<group>"; };
		BB78F2B4AB21B37E34C35D3D /* Pods_Skillbox_m4__Architecture_MVC_ToDo_.framework */ = {isa = PBXFileReference; explicitFileType = wrapper.framework; includeInIndex = 0; path = Pods_Skillbox_m4__Architecture_MVC_ToDo_.framework; sourceTree = BUILT_PRODUCTS_DIR; };
/* End PBXFileReference section */

/* Begin PBXFrameworksBuildPhase section */
		7C1B6FF923D241E5006BEEC6 /* Frameworks */ = {
			isa = PBXFrameworksBuildPhase;
			buildActionMask = 2147483647;
			files = (
				D8A9FD23319D392F63B0613C /* Pods_Skillbox_m4__Architecture_MVC_ToDo_.framework in Frameworks */,
			);
			runOnlyForDeploymentPostprocessing = 0;
		};
/* End PBXFrameworksBuildPhase section */

/* Begin PBXGroup section */
		58406110C606AC8DCA3914B8 /* Frameworks */ = {
			isa = PBXGroup;
			children = (
				BB78F2B4AB21B37E34C35D3D /* Pods_Skillbox_m4__Architecture_MVC_ToDo_.framework */,
			);
			name = Frameworks;
			sourceTree = "<group>";
		};
		7C1B6FF323D241E5006BEEC6 = {
			isa = PBXGroup;
			children = (
				7C1B6FFE23D241E5006BEEC6 /* Skillbox_m4 (Architecture MVC ToDo) */,
				7C1B6FFD23D241E5006BEEC6 /* Products */,
				83B78C0BF52E48CE0EF3587B /* Pods */,
				58406110C606AC8DCA3914B8 /* Frameworks */,
			);
			sourceTree = "<group>";
		};
		7C1B6FFD23D241E5006BEEC6 /* Products */ = {
			isa = PBXGroup;
			children = (
				7C1B6FFC23D241E5006BEEC6 /* Skillbox_m4 (Architecture MVC ToDo).app */,
			);
			name = Products;
			sourceTree = "<group>";
		};
		7C1B6FFE23D241E5006BEEC6 /* Skillbox_m4 (Architecture MVC ToDo) */ = {
			isa = PBXGroup;
			children = (
				7C1B701A23D24BD5006BEEC6 /* Model */,
				7C1B701B23D24BDD006BEEC6 /* View */,
				7C1B701923D24BC1006BEEC6 /* Controller */,
				7C1B701C23D24BE7006BEEC6 /* Supporting files */,
				7C1B700D23D241E7006BEEC6 /* Info.plist */,
			);
			path = "Skillbox_m4 (Architecture MVC ToDo)";
			sourceTree = "<group>";
		};
		7C1B701923D24BC1006BEEC6 /* Controller */ = {
			isa = PBXGroup;
			children = (
				7C1B700323D241E5006BEEC6 /* TodoListViewController.swift */,
				7C1B701723D24652006BEEC6 /* TodoEditViewController.swift */,
				7C1B701323D2428B006BEEC6 /* ToDoController.swift */,
			);
			path = Controller;
			sourceTree = "<group>";
		};
		7C1B701A23D24BD5006BEEC6 /* Model */ = {
			isa = PBXGroup;
			children = (
				7C1B701523D242BD006BEEC6 /* ToDo.swift */,
				7C1B701D23D24C9A006BEEC6 /* ToDoRealm.swift */,
			);
			path = Model;
			sourceTree = "<group>";
		};
		7C1B701B23D24BDD006BEEC6 /* View */ = {
			isa = PBXGroup;
			children = (
				7C1B700523D241E5006BEEC6 /* Main.storyboard */,
			);
			path = View;
			sourceTree = "<group>";
		};
		7C1B701C23D24BE7006BEEC6 /* Supporting files */ = {
			isa = PBXGroup;
			children = (
				7C1B6FFF23D241E5006BEEC6 /* AppDelegate.swift */,
				7C1B700123D241E5006BEEC6 /* SceneDelegate.swift */,
				7C1B700823D241E7006BEEC6 /* Assets.xcassets */,
				7C1B700A23D241E7006BEEC6 /* LaunchScreen.storyboard */,
			);
			path = "Supporting files";
			sourceTree = "<group>";
		};
		83B78C0BF52E48CE0EF3587B /* Pods */ = {
			isa = PBXGroup;
			children = (
				A73826BEDEF06DDC959F62CA /* Pods-Skillbox_m4 (Architecture MVC ToDo).debug.xcconfig */,
				172ABEAD6FA2A0468E02EDBA /* Pods-Skillbox_m4 (Architecture MVC ToDo).release.xcconfig */,
			);
			path = Pods;
			sourceTree = "<group>";
		};
/* End PBXGroup section */

/* Begin PBXNativeTarget section */
		7C1B6FFB23D241E5006BEEC6 /* Skillbox_m4 (Architecture MVC ToDo) */ = {
			isa = PBXNativeTarget;
			buildConfigurationList = 7C1B701023D241E7006BEEC6 /* Build configuration list for PBXNativeTarget "Skillbox_m4 (Architecture MVC ToDo)" */;
			buildPhases = (
				C0A68E347BD7E8FAC244532C /* [CP] Check Pods Manifest.lock */,
				7C1B6FF823D241E5006BEEC6 /* Sources */,
				7C1B6FF923D241E5006BEEC6 /* Frameworks */,
				7C1B6FFA23D241E5006BEEC6 /* Resources */,
				869813A36C23F086E25716AB /* [CP] Embed Pods Frameworks */,
			);
			buildRules = (
			);
			dependencies = (
			);
			name = "Skillbox_m4 (Architecture MVC ToDo)";
			productName = "Skillbox_m4 (Architecture MVC ToDo)";
			productReference = 7C1B6FFC23D241E5006BEEC6 /* Skillbox_m4 (Architecture MVC ToDo).app */;
			productType = "com.apple.product-type.application";
		};
/* End PBXNativeTarget section */

/* Begin PBXProject section */
		7C1B6FF423D241E5006BEEC6 /* Project object */ = {
			isa = PBXProject;
			attributes = {
				LastSwiftUpdateCheck = 1130;
				LastUpgradeCheck = 1130;
				ORGANIZATIONNAME = "Kravchuk Sergey";
				TargetAttributes = {
					7C1B6FFB23D241E5006BEEC6 = {
						CreatedOnToolsVersion = 11.3;
					};
				};
			};
			buildConfigurationList = 7C1B6FF723D241E5006BEEC6 /* Build configuration list for PBXProject "Skillbox_m4 (Architecture MVC ToDo)" */;
			compatibilityVersion = "Xcode 9.3";
			developmentRegion = en;
			hasScannedForEncodings = 0;
			knownRegions = (
				en,
				Base,
			);
			mainGroup = 7C1B6FF323D241E5006BEEC6;
			productRefGroup = 7C1B6FFD23D241E5006BEEC6 /* Products */;
			projectDirPath = "";
			projectRoot = "";
			targets = (
				7C1B6FFB23D241E5006BEEC6 /* Skillbox_m4 (Architecture MVC ToDo) */,
			);
		};
/* End PBXProject section */

/* Begin PBXResourcesBuildPhase section */
		7C1B6FFA23D241E5006BEEC6 /* Resources */ = {
			isa = PBXResourcesBuildPhase;
			buildActionMask = 2147483647;
			files = (
				7C1B700C23D241E7006BEEC6 /* LaunchScreen.storyboard in Resources */,
				7C1B700923D241E7006BEEC6 /* Assets.xcassets in Resources */,
				7C1B700723D241E5006BEEC6 /* Main.storyboard in Resources */,
			);
			runOnlyForDeploymentPostprocessing = 0;
		};
/* End PBXResourcesBuildPhase section */

/* Begin PBXShellScriptBuildPhase section */
		869813A36C23F086E25716AB /* [CP] Embed Pods Frameworks */ = {
			isa = PBXShellScriptBuildPhase;
			buildActionMask = 2147483647;
			files = (
			);
			inputFileListPaths = (
				"${PODS_ROOT}/Target Support Files/Pods-Skillbox_m4 (Architecture MVC ToDo)/Pods-Skillbox_m4 (Architecture MVC ToDo)-frameworks-${CONFIGURATION}-input-files.xcfilelist",
			);
			name = "[CP] Embed Pods Frameworks";
			outputFileListPaths = (
				"${PODS_ROOT}/Target Support Files/Pods-Skillbox_m4 (Architecture MVC ToDo)/Pods-Skillbox_m4 (Architecture MVC ToDo)-frameworks-${CONFIGURATION}-output-files.xcfilelist",
			);
			runOnlyForDeploymentPostprocessing = 0;
			shellPath = /bin/sh;
			shellScript = "\"${PODS_ROOT}/Target Support Files/Pods-Skillbox_m4 (Architecture MVC ToDo)/Pods-Skillbox_m4 (Architecture MVC ToDo)-frameworks.sh\"\n";
			showEnvVarsInLog = 0;
		};
		C0A68E347BD7E8FAC244532C /* [CP] Check Pods Manifest.lock */ = {
			isa = PBXShellScriptBuildPhase;
			buildActionMask = 2147483647;
			files = (
			);
			inputFileListPaths = (
			);
			inputPaths = (
				"${PODS_PODFILE_DIR_PATH}/Podfile.lock",
				"${PODS_ROOT}/Manifest.lock",
			);
			name = "[CP] Check Pods Manifest.lock";
			outputFileListPaths = (
			);
			outputPaths = (
				"$(DERIVED_FILE_DIR)/Pods-Skillbox_m4 (Architecture MVC ToDo)-checkManifestLockResult.txt",
			);
			runOnlyForDeploymentPostprocessing = 0;
			shellPath = /bin/sh;
			shellScript = "diff \"${PODS_PODFILE_DIR_PATH}/Podfile.lock\" \"${PODS_ROOT}/Manifest.lock\" > /dev/null\nif [ $? != 0 ] ; then\n    # print error to STDERR\n    echo \"error: The sandbox is not in sync with the Podfile.lock. Run 'pod install' or update your CocoaPods installation.\" >&2\n    exit 1\nfi\n# This output is used by Xcode 'outputs' to avoid re-running this script phase.\necho \"SUCCESS\" > \"${SCRIPT_OUTPUT_FILE_0}\"\n";
			showEnvVarsInLog = 0;
		};
/* End PBXShellScriptBuildPhase section */

/* Begin PBXSourcesBuildPhase section */
		7C1B6FF823D241E5006BEEC6 /* Sources */ = {
			isa = PBXSourcesBuildPhase;
			buildActionMask = 2147483647;
			files = (
				7C1B700423D241E5006BEEC6 /* TodoListViewController.swift in Sources */,
				7C1B701623D242BD006BEEC6 /* ToDo.swift in Sources */,
				7C1B700023D241E5006BEEC6 /* AppDelegate.swift in Sources */,
				7C1B700223D241E5006BEEC6 /* SceneDelegate.swift in Sources */,
				7C1B701823D24652006BEEC6 /* TodoEditViewController.swift in Sources */,
				7C1B701423D2428B006BEEC6 /* ToDoController.swift in Sources */,
				7C1B701E23D24C9A006BEEC6 /* ToDoRealm.swift in Sources */,
			);
			runOnlyForDeploymentPostprocessing = 0;
		};
/* End PBXSourcesBuildPhase section */

/* Begin PBXVariantGroup section */
		7C1B700523D241E5006BEEC6 /* Main.storyboard */ = {
			isa = PBXVariantGroup;
			children = (
				7C1B700623D241E5006BEEC6 /* Base */,
			);
			name = Main.storyboard;
			sourceTree = "<group>";
		};
		7C1B700A23D241E7006BEEC6 /* LaunchScreen.storyboard */ = {
			isa = PBXVariantGroup;
			children = (
				7C1B700B23D241E7006BEEC6 /* Base */,
			);
			name = LaunchScreen.storyboard;
			sourceTree = "<group>";
		};
/* End PBXVariantGroup section */

/* Begin XCBuildConfiguration section */
		7C1B700E23D241E7006BEEC6 /* Debug */ = {
			isa = XCBuildConfiguration;
			buildSettings = {
				ALWAYS_SEARCH_USER_PATHS = NO;
				CLANG_ANALYZER_NONNULL = YES;
				CLANG_ANALYZER_NUMBER_OBJECT_CONVERSION = YES_AGGRESSIVE;
				CLANG_CXX_LANGUAGE_STANDARD = "gnu++14";
				CLANG_CXX_LIBRARY = "libc++";
				CLANG_ENABLE_MODULES = YES;
				CLANG_ENABLE_OBJC_ARC = YES;
				CLANG_ENABLE_OBJC_WEAK = YES;
				CLANG_WARN_BLOCK_CAPTURE_AUTORELEASING = YES;
				CLANG_WARN_BOOL_CONVERSION = YES;
				CLANG_WARN_COMMA = YES;
				CLANG_WARN_CONSTANT_CONVERSION = YES;
				CLANG_WARN_DEPRECATED_OBJC_IMPLEMENTATIONS = YES;
				CLANG_WARN_DIRECT_OBJC_ISA_USAGE = YES_ERROR;
				CLANG_WARN_DOCUMENTATION_COMMENTS = YES;
				CLANG_WARN_EMPTY_BODY = YES;
				CLANG_WARN_ENUM_CONVERSION = YES;
				CLANG_WARN_INFINITE_RECURSION = YES;
				CLANG_WARN_INT_CONVERSION = YES;
				CLANG_WARN_NON_LITERAL_NULL_CONVERSION = YES;
				CLANG_WARN_OBJC_IMPLICIT_RETAIN_SELF = YES;
				CLANG_WARN_OBJC_LITERAL_CONVERSION = YES;
				CLANG_WARN_OBJC_ROOT_CLASS = YES_ERROR;
				CLANG_WARN_RANGE_LOOP_ANALYSIS = YES;
				CLANG_WARN_STRICT_PROTOTYPES = YES;
				CLANG_WARN_SUSPICIOUS_MOVE = YES;
				CLANG_WARN_UNGUARDED_AVAILABILITY = YES_AGGRESSIVE;
				CLANG_WARN_UNREACHABLE_CODE = YES;
				CLANG_WARN__DUPLICATE_METHOD_MATCH = YES;
				COPY_PHASE_STRIP = NO;
				DEBUG_INFORMATION_FORMAT = dwarf;
				ENABLE_STRICT_OBJC_MSGSEND = YES;
				ENABLE_TESTABILITY = YES;
				GCC_C_LANGUAGE_STANDARD = gnu11;
				GCC_DYNAMIC_NO_PIC = NO;
				GCC_NO_COMMON_BLOCKS = YES;
				GCC_OPTIMIZATION_LEVEL = 0;
				GCC_PREPROCESSOR_DEFINITIONS = (
					"DEBUG=1",
					"$(inherited)",
				);
				GCC_WARN_64_TO_32_BIT_CONVERSION = YES;
				GCC_WARN_ABOUT_RETURN_TYPE = YES_ERROR;
				GCC_WARN_UNDECLARED_SELECTOR = YES;
				GCC_WARN_UNINITIALIZED_AUTOS = YES_AGGRESSIVE;
				GCC_WARN_UNUSED_FUNCTION = YES;
				GCC_WARN_UNUSED_VARIABLE = YES;
				IPHONEOS_DEPLOYMENT_TARGET = 13.2;
				MTL_ENABLE_DEBUG_INFO = INCLUDE_SOURCE;
				MTL_FAST_MATH = YES;
				ONLY_ACTIVE_ARCH = YES;
				SDKROOT = iphoneos;
				SWIFT_ACTIVE_COMPILATION_CONDITIONS = DEBUG;
				SWIFT_OPTIMIZATION_LEVEL = "-Onone";
			};
			name = Debug;
		};
		7C1B700F23D241E7006BEEC6 /* Release */ = {
			isa = XCBuildConfiguration;
			buildSettings = {
				ALWAYS_SEARCH_USER_PATHS = NO;
				CLANG_ANALYZER_NONNULL = YES;
				CLANG_ANALYZER_NUMBER_OBJECT_CONVERSION = YES_AGGRESSIVE;
				CLANG_CXX_LANGUAGE_STANDARD = "gnu++14";
				CLANG_CXX_LIBRARY = "libc++";
				CLANG_ENABLE_MODULES = YES;
				CLANG_ENABLE_OBJC_ARC = YES;
				CLANG_ENABLE_OBJC_WEAK = YES;
				CLANG_WARN_BLOCK_CAPTURE_AUTORELEASING = YES;
				CLANG_WARN_BOOL_CONVERSION = YES;
				CLANG_WARN_COMMA = YES;
				CLANG_WARN_CONSTANT_CONVERSION = YES;
				CLANG_WARN_DEPRECATED_OBJC_IMPLEMENTATIONS = YES;
				CLANG_WARN_DIRECT_OBJC_ISA_USAGE = YES_ERROR;
				CLANG_WARN_DOCUMENTATION_COMMENTS = YES;
				CLANG_WARN_EMPTY_BODY = YES;
				CLANG_WARN_ENUM_CONVERSION = YES;
				CLANG_WARN_INFINITE_RECURSION = YES;
				CLANG_WARN_INT_CONVERSION = YES;
				CLANG_WARN_NON_LITERAL_NULL_CONVERSION = YES;
				CLANG_WARN_OBJC_IMPLICIT_RETAIN_SELF = YES;
				CLANG_WARN_OBJC_LITERAL_CONVERSION = YES;
				CLANG_WARN_OBJC_ROOT_CLASS = YES_ERROR;
				CLANG_WARN_RANGE_LOOP_ANALYSIS = YES;
				CLANG_WARN_STRICT_PROTOTYPES = YES;
				CLANG_WARN_SUSPICIOUS_MOVE = YES;
				CLANG_WARN_UNGUARDED_AVAILABILITY = YES_AGGRESSIVE;
				CLANG_WARN_UNREACHABLE_CODE = YES;
				CLANG_WARN__DUPLICATE_METHOD_MATCH = YES;
				COPY_PHASE_STRIP = NO;
				DEBUG_INFORMATION_FORMAT = "dwarf-with-dsym";
				ENABLE_NS_ASSERTIONS = NO;
				ENABLE_STRICT_OBJC_MSGSEND = YES;
				GCC_C_LANGUAGE_STANDARD = gnu11;
				GCC_NO_COMMON_BLOCKS = YES;
				GCC_WARN_64_TO_32_BIT_CONVERSION = YES;
				GCC_WARN_ABOUT_RETURN_TYPE = YES_ERROR;
				GCC_WARN_UNDECLARED_SELECTOR = YES;
				GCC_WARN_UNINITIALIZED_AUTOS = YES_AGGRESSIVE;
				GCC_WARN_UNUSED_FUNCTION = YES;
				GCC_WARN_UNUSED_VARIABLE = YES;
				IPHONEOS_DEPLOYMENT_TARGET = 13.2;
				MTL_ENABLE_DEBUG_INFO = NO;
				MTL_FAST_MATH = YES;
				SDKROOT = iphoneos;
				SWIFT_COMPILATION_MODE = wholemodule;
				SWIFT_OPTIMIZATION_LEVEL = "-O";
				VALIDATE_PRODUCT = YES;
			};
			name = Release;
		};
		7C1B701123D241E7006BEEC6 /* Debug */ = {
			isa = XCBuildConfiguration;
			baseConfigurationReference = A73826BEDEF06DDC959F62CA /* Pods-Skillbox_m4 (Architecture MVC ToDo).debug.xcconfig */;
			buildSettings = {
				ASSETCATALOG_COMPILER_APPICON_NAME = AppIcon;
				CODE_SIGN_STYLE = Automatic;
				DEVELOPMENT_TEAM = KFX6CF86ZK;
				INFOPLIST_FILE = "Skillbox_m4 (Architecture MVC ToDo)/Info.plist";
				LD_RUNPATH_SEARCH_PATHS = (
					"$(inherited)",
					"@executable_path/Frameworks",
				);
				PRODUCT_BUNDLE_IDENTIFIER = "kravchuk.Skillbox-m4--Architecture-MVC-ToDo-";
				PRODUCT_NAME = "$(TARGET_NAME)";
				SWIFT_VERSION = 5.0;
				TARGETED_DEVICE_FAMILY = "1,2";
			};
			name = Debug;
		};
		7C1B701223D241E7006BEEC6 /* Release */ = {
			isa = XCBuildConfiguration;
			baseConfigurationReference = 172ABEAD6FA2A0468E02EDBA /* Pods-Skillbox_m4 (Architecture MVC ToDo).release.xcconfig */;
			buildSettings = {
				ASSETCATALOG_COMPILER_APPICON_NAME = AppIcon;
				CODE_SIGN_STYLE = Automatic;
				DEVELOPMENT_TEAM = KFX6CF86ZK;
				INFOPLIST_FILE = "Skillbox_m4 (Architecture MVC ToDo)/Info.plist";
				LD_RUNPATH_SEARCH_PATHS = (
					"$(inherited)",
					"@executable_path/Frameworks",
				);
				PRODUCT_BUNDLE_IDENTIFIER = "kravchuk.Skillbox-m4--Architecture-MVC-ToDo-";
				PRODUCT_NAME = "$(TARGET_NAME)";
				SWIFT_VERSION = 5.0;
				TARGETED_DEVICE_FAMILY = "1,2";
			};
			name = Release;
		};
/* End XCBuildConfiguration section */

/* Begin XCConfigurationList section */
		7C1B6FF723D241E5006BEEC6 /* Build configuration list for PBXProject "Skillbox_m4 (Architecture MVC ToDo)" */ = {
			isa = XCConfigurationList;
			buildConfigurations = (
				7C1B700E23D241E7006BEEC6 /* Debug */,
				7C1B700F23D241E7006BEEC6 /* Release */,
			);
			defaultConfigurationIsVisible = 0;
			defaultConfigurationName = Release;
		};
		7C1B701023D241E7006BEEC6 /* Build configuration list for PBXNativeTarget "Skillbox_m4 (Architecture MVC ToDo)" */ = {
			isa = XCConfigurationList;
			buildConfigurations = (
				7C1B701123D241E7006BEEC6 /* Debug */,
				7C1B701223D241E7006BEEC6 /* Release */,
			);
			defaultConfigurationIsVisible = 0;
			defaultConfigurationName = Release;
		};
/* End XCConfigurationList section */
	};
	rootObject = 7C1B6FF423D241E5006BEEC6 /* Project object */;
}
